// !$*UTF8*$!
{
	archiveVersion = 1;
	classes = {
	};
	objectVersion = 52;
	objects = {

/* Begin PBXBuildFile section */
		B729F0DE27F4AC1B005324A9 /* RemoteUserLoader.swift in Sources */ = {isa = PBXBuildFile; fileRef = B729F0CD27F4AC1B005324A9 /* RemoteUserLoader.swift */; };
		B729F0DF27F4AC1B005324A9 /* HTTPGetClient.swift in Sources */ = {isa = PBXBuildFile; fileRef = B729F0CE27F4AC1B005324A9 /* HTTPGetClient.swift */; };
		B729F0E027F4AC1B005324A9 /* UserItemsMapper.swift in Sources */ = {isa = PBXBuildFile; fileRef = B729F0CF27F4AC1B005324A9 /* UserItemsMapper.swift */; };
		B729F0E127F4AC1B005324A9 /* HTTPURLResponse+StatusCode.swift in Sources */ = {isa = PBXBuildFile; fileRef = B729F0D127F4AC1B005324A9 /* HTTPURLResponse+StatusCode.swift */; };
		B729F0E227F4AC1B005324A9 /* RemoteUserItem.swift in Sources */ = {isa = PBXBuildFile; fileRef = B729F0D227F4AC1B005324A9 /* RemoteUserItem.swift */; };
		B729F0E327F4AC1B005324A9 /* User.swift in Sources */ = {isa = PBXBuildFile; fileRef = B729F0D427F4AC1B005324A9 /* User.swift */; };
		B729F0E427F4AC1B005324A9 /* UserLoader.swift in Sources */ = {isa = PBXBuildFile; fileRef = B729F0D527F4AC1B005324A9 /* UserLoader.swift */; };
		B729F0E527F4AC1B005324A9 /* UserViewModel.swift in Sources */ = {isa = PBXBuildFile; fileRef = B729F0D727F4AC1B005324A9 /* UserViewModel.swift */; };
		B729F0E727F4AC1B005324A9 /* UserListViewModel.swift in Sources */ = {isa = PBXBuildFile; fileRef = B729F0D927F4AC1B005324A9 /* UserListViewModel.swift */; };
		B729F0EB27F4AC1B005324A9 /* UserPresenter.swift in Sources */ = {isa = PBXBuildFile; fileRef = B729F0DD27F4AC1B005324A9 /* UserPresenter.swift */; };
		B74B468627F4B08A00E93304 /* UITableView+Dequeueing.swift in Sources */ = {isa = PBXBuildFile; fileRef = B74B467F27F4B08A00E93304 /* UITableView+Dequeueing.swift */; };
		B74B468727F4B08A00E93304 /* UIRefreshControl+Helpers.swift in Sources */ = {isa = PBXBuildFile; fileRef = B74B468027F4B08A00E93304 /* UIRefreshControl+Helpers.swift */; };
		B74B468827F4B08A00E93304 /* UITableView+HeaderSizing.swift in Sources */ = {isa = PBXBuildFile; fileRef = B74B468127F4B08A00E93304 /* UITableView+HeaderSizing.swift */; };
		B74B468927F4B08A00E93304 /* UserCell.swift in Sources */ = {isa = PBXBuildFile; fileRef = B74B468227F4B08A00E93304 /* UserCell.swift */; };
		B74B468A27F4B08A00E93304 /* ErrorView.swift in Sources */ = {isa = PBXBuildFile; fileRef = B74B468327F4B08A00E93304 /* ErrorView.swift */; };
		B74B468B27F4B08A00E93304 /* UserCellController.swift in Sources */ = {isa = PBXBuildFile; fileRef = B74B468427F4B08A00E93304 /* UserCellController.swift */; };
		B74B468C27F4B08A00E93304 /* UserListViewController.swift in Sources */ = {isa = PBXBuildFile; fileRef = B74B468527F4B08A00E93304 /* UserListViewController.swift */; };
		B74B469127F4B09100E93304 /* UserList.storyboard in Resources */ = {isa = PBXBuildFile; fileRef = B74B468F27F4B09100E93304 /* UserList.storyboard */; };
		B7E0E01E27F4BD1E00D9BF82 /* UserLoadingViewModel.swift in Sources */ = {isa = PBXBuildFile; fileRef = B729F0D827F4AC1B005324A9 /* UserLoadingViewModel.swift */; };
		B7E0E02327F4BD2D00D9BF82 /* UserErrorViewModel.swift in Sources */ = {isa = PBXBuildFile; fileRef = B729F0DB27F4AC1B005324A9 /* UserErrorViewModel.swift */; };
		B7F85AC827F4DC78009BD5F3 /* UserList.framework in Frameworks */ = {isa = PBXBuildFile; fileRef = B77FD73527F4AA900010417F /* UserList.framework */; platformFilter = ios; };
		B7F85AC927F4DC78009BD5F3 /* UserList.framework in Embed Frameworks */ = {isa = PBXBuildFile; fileRef = B77FD73527F4AA900010417F /* UserList.framework */; platformFilter = ios; settings = {ATTRIBUTES = (CodeSignOnCopy, RemoveHeadersOnCopy, ); }; };
/* End PBXBuildFile section */

/* Begin PBXContainerItemProxy section */
		B7F85ACA27F4DC78009BD5F3 /* PBXContainerItemProxy */ = {
			isa = PBXContainerItemProxy;
			containerPortal = B77FD72C27F4AA900010417F /* Project object */;
			proxyType = 1;
			remoteGlobalIDString = B77FD73427F4AA900010417F;
			remoteInfo = UserList;
		};
/* End PBXContainerItemProxy section */

/* Begin PBXCopyFilesBuildPhase section */
		B7F85ACC27F4DC78009BD5F3 /* Embed Frameworks */ = {
			isa = PBXCopyFilesBuildPhase;
			buildActionMask = 2147483647;
			dstPath = "";
			dstSubfolderSpec = 10;
			files = (
				B7F85AC927F4DC78009BD5F3 /* UserList.framework in Embed Frameworks */,
			);
			name = "Embed Frameworks";
			runOnlyForDeploymentPostprocessing = 0;
		};
/* End PBXCopyFilesBuildPhase section */

/* Begin PBXFileReference section */
		B729F0CD27F4AC1B005324A9 /* RemoteUserLoader.swift */ = {isa = PBXFileReference; fileEncoding = 4; lastKnownFileType = sourcecode.swift; path = RemoteUserLoader.swift; sourceTree = "<group>"; };
		B729F0CE27F4AC1B005324A9 /* HTTPGetClient.swift */ = {isa = PBXFileReference; fileEncoding = 4; lastKnownFileType = sourcecode.swift; path = HTTPGetClient.swift; sourceTree = "<group>"; };
		B729F0CF27F4AC1B005324A9 /* UserItemsMapper.swift */ = {isa = PBXFileReference; fileEncoding = 4; lastKnownFileType = sourcecode.swift; path = UserItemsMapper.swift; sourceTree = "<group>"; };
		B729F0D127F4AC1B005324A9 /* HTTPURLResponse+StatusCode.swift */ = {isa = PBXFileReference; fileEncoding = 4; lastKnownFileType = sourcecode.swift; path = "HTTPURLResponse+StatusCode.swift"; sourceTree = "<group>"; };
		B729F0D227F4AC1B005324A9 /* RemoteUserItem.swift */ = {isa = PBXFileReference; fileEncoding = 4; lastKnownFileType = sourcecode.swift; path = RemoteUserItem.swift; sourceTree = "<group>"; };
		B729F0D427F4AC1B005324A9 /* User.swift */ = {isa = PBXFileReference; fileEncoding = 4; lastKnownFileType = sourcecode.swift; path = User.swift; sourceTree = "<group>"; };
		B729F0D527F4AC1B005324A9 /* UserLoader.swift */ = {isa = PBXFileReference; fileEncoding = 4; lastKnownFileType = sourcecode.swift; path = UserLoader.swift; sourceTree = "<group>"; };
		B729F0D727F4AC1B005324A9 /* UserViewModel.swift */ = {isa = PBXFileReference; fileEncoding = 4; lastKnownFileType = sourcecode.swift; path = UserViewModel.swift; sourceTree = "<group>"; };
		B729F0D827F4AC1B005324A9 /* UserLoadingViewModel.swift */ = {isa = PBXFileReference; fileEncoding = 4; lastKnownFileType = sourcecode.swift; path = UserLoadingViewModel.swift; sourceTree = "<group>"; };
		B729F0D927F4AC1B005324A9 /* UserListViewModel.swift */ = {isa = PBXFileReference; fileEncoding = 4; lastKnownFileType = sourcecode.swift; path = UserListViewModel.swift; sourceTree = "<group>"; };
		B729F0DB27F4AC1B005324A9 /* UserErrorViewModel.swift */ = {isa = PBXFileReference; fileEncoding = 4; lastKnownFileType = sourcecode.swift; path = UserErrorViewModel.swift; sourceTree = "<group>"; };
		B729F0DD27F4AC1B005324A9 /* UserPresenter.swift */ = {isa = PBXFileReference; fileEncoding = 4; lastKnownFileType = sourcecode.swift; path = UserPresenter.swift; sourceTree = "<group>"; };
		B74B464427F4AFF800E93304 /* UserListiOS.framework */ = {isa = PBXFileReference; explicitFileType = wrapper.framework; includeInIndex = 0; path = UserListiOS.framework; sourceTree = BUILT_PRODUCTS_DIR; };
		B74B464727F4AFF800E93304 /* Info.plist */ = {isa = PBXFileReference; lastKnownFileType = text.plist.xml; path = Info.plist; sourceTree = "<group>"; };
		B74B467F27F4B08A00E93304 /* UITableView+Dequeueing.swift */ = {isa = PBXFileReference; fileEncoding = 4; lastKnownFileType = sourcecode.swift; path = "UITableView+Dequeueing.swift"; sourceTree = "<group>"; };
		B74B468027F4B08A00E93304 /* UIRefreshControl+Helpers.swift */ = {isa = PBXFileReference; fileEncoding = 4; lastKnownFileType = sourcecode.swift; path = "UIRefreshControl+Helpers.swift"; sourceTree = "<group>"; };
		B74B468127F4B08A00E93304 /* UITableView+HeaderSizing.swift */ = {isa = PBXFileReference; fileEncoding = 4; lastKnownFileType = sourcecode.swift; path = "UITableView+HeaderSizing.swift"; sourceTree = "<group>"; };
		B74B468227F4B08A00E93304 /* UserCell.swift */ = {isa = PBXFileReference; fileEncoding = 4; lastKnownFileType = sourcecode.swift; path = UserCell.swift; sourceTree = "<group>"; };
		B74B468327F4B08A00E93304 /* ErrorView.swift */ = {isa = PBXFileReference; fileEncoding = 4; lastKnownFileType = sourcecode.swift; path = ErrorView.swift; sourceTree = "<group>"; };
		B74B468427F4B08A00E93304 /* UserCellController.swift */ = {isa = PBXFileReference; fileEncoding = 4; lastKnownFileType = sourcecode.swift; path = UserCellController.swift; sourceTree = "<group>"; };
		B74B468527F4B08A00E93304 /* UserListViewController.swift */ = {isa = PBXFileReference; fileEncoding = 4; lastKnownFileType = sourcecode.swift; path = UserListViewController.swift; sourceTree = "<group>"; };
		B74B469027F4B09100E93304 /* Base */ = {isa = PBXFileReference; lastKnownFileType = file.storyboard; name = Base; path = Base.lproj/UserList.storyboard; sourceTree = "<group>"; };
		B77FD73527F4AA900010417F /* UserList.framework */ = {isa = PBXFileReference; explicitFileType = wrapper.framework; includeInIndex = 0; path = UserList.framework; sourceTree = BUILT_PRODUCTS_DIR; };
		B77FD73927F4AA900010417F /* Info.plist */ = {isa = PBXFileReference; lastKnownFileType = text.plist.xml; path = Info.plist; sourceTree = "<group>"; };
/* End PBXFileReference section */

/* Begin PBXFrameworksBuildPhase section */
		B74B464127F4AFF800E93304 /* Frameworks */ = {
			isa = PBXFrameworksBuildPhase;
			buildActionMask = 2147483647;
			files = (
				B7F85AC827F4DC78009BD5F3 /* UserList.framework in Frameworks */,
			);
			runOnlyForDeploymentPostprocessing = 0;
		};
		B77FD73227F4AA900010417F /* Frameworks */ = {
			isa = PBXFrameworksBuildPhase;
			buildActionMask = 2147483647;
			files = (
			);
			runOnlyForDeploymentPostprocessing = 0;
		};
/* End PBXFrameworksBuildPhase section */

/* Begin PBXGroup section */
		B729F0CC27F4AC1B005324A9 /* API */ = {
			isa = PBXGroup;
			children = (
				B729F0D027F4AC1B005324A9 /* Helpers */,
				B729F0CD27F4AC1B005324A9 /* RemoteUserLoader.swift */,
				B729F0CE27F4AC1B005324A9 /* HTTPGetClient.swift */,
				B729F0CF27F4AC1B005324A9 /* UserItemsMapper.swift */,
				B729F0D227F4AC1B005324A9 /* RemoteUserItem.swift */,
			);
			path = API;
			sourceTree = "<group>";
		};
		B729F0D027F4AC1B005324A9 /* Helpers */ = {
			isa = PBXGroup;
			children = (
				B729F0D127F4AC1B005324A9 /* HTTPURLResponse+StatusCode.swift */,
			);
			path = Helpers;
			sourceTree = "<group>";
		};
		B729F0D327F4AC1B005324A9 /* Core */ = {
			isa = PBXGroup;
			children = (
				B729F0D427F4AC1B005324A9 /* User.swift */,
				B729F0D527F4AC1B005324A9 /* UserLoader.swift */,
			);
			path = Core;
			sourceTree = "<group>";
		};
		B729F0D627F4AC1B005324A9 /* Presentation */ = {
			isa = PBXGroup;
			children = (
				B729F0D727F4AC1B005324A9 /* UserViewModel.swift */,
				B729F0D827F4AC1B005324A9 /* UserLoadingViewModel.swift */,
				B729F0D927F4AC1B005324A9 /* UserListViewModel.swift */,
				B729F0DB27F4AC1B005324A9 /* UserErrorViewModel.swift */,
				B729F0DD27F4AC1B005324A9 /* UserPresenter.swift */,
			);
			path = Presentation;
			sourceTree = "<group>";
		};
		B74B464527F4AFF800E93304 /* UserListiOS */ = {
			isa = PBXGroup;
			children = (
				B74B467E27F4B08A00E93304 /* Helpers */,
				B74B469427F4B0A600E93304 /* Controller */,
				B74B469827F4B0CC00E93304 /* View */,
				B74B464727F4AFF800E93304 /* Info.plist */,
			);
			path = UserListiOS;
			sourceTree = "<group>";
		};
		B74B467E27F4B08A00E93304 /* Helpers */ = {
			isa = PBXGroup;
			children = (
				B74B467F27F4B08A00E93304 /* UITableView+Dequeueing.swift */,
				B74B468027F4B08A00E93304 /* UIRefreshControl+Helpers.swift */,
				B74B468127F4B08A00E93304 /* UITableView+HeaderSizing.swift */,
			);
			path = Helpers;
			sourceTree = "<group>";
		};
		B74B469427F4B0A600E93304 /* Controller */ = {
			isa = PBXGroup;
			children = (
				B74B468527F4B08A00E93304 /* UserListViewController.swift */,
				B74B468427F4B08A00E93304 /* UserCellController.swift */,
			);
			path = Controller;
			sourceTree = "<group>";
		};
		B74B469527F4B0B800E93304 /* Cell */ = {
			isa = PBXGroup;
			children = (
				B74B468227F4B08A00E93304 /* UserCell.swift */,
			);
			path = Cell;
			sourceTree = "<group>";
		};
		B74B469827F4B0CC00E93304 /* View */ = {
			isa = PBXGroup;
			children = (
				B74B469527F4B0B800E93304 /* Cell */,
				B74B468327F4B08A00E93304 /* ErrorView.swift */,
				B74B468F27F4B09100E93304 /* UserList.storyboard */,
			);
			path = View;
			sourceTree = "<group>";
		};
		B77FD72B27F4AA900010417F = {
			isa = PBXGroup;
			children = (
				B77FD73727F4AA900010417F /* UserList */,
				B74B464527F4AFF800E93304 /* UserListiOS */,
				B77FD73627F4AA900010417F /* Products */,
				B7F85AC727F4DC78009BD5F3 /* Frameworks */,
			);
			sourceTree = "<group>";
		};
		B77FD73627F4AA900010417F /* Products */ = {
			isa = PBXGroup;
			children = (
				B77FD73527F4AA900010417F /* UserList.framework */,
				B74B464427F4AFF800E93304 /* UserListiOS.framework */,
			);
			name = Products;
			sourceTree = "<group>";
		};
		B77FD73727F4AA900010417F /* UserList */ = {
			isa = PBXGroup;
			children = (
				B77FD73927F4AA900010417F /* Info.plist */,
				B729F0CC27F4AC1B005324A9 /* API */,
				B729F0D327F4AC1B005324A9 /* Core */,
				B729F0D627F4AC1B005324A9 /* Presentation */,
			);
			path = UserList;
			sourceTree = "<group>";
		};
		B7F85AC727F4DC78009BD5F3 /* Frameworks */ = {
			isa = PBXGroup;
			children = (
			);
			name = Frameworks;
			sourceTree = "<group>";
		};
/* End PBXGroup section */

/* Begin PBXHeadersBuildPhase section */
		B74B463F27F4AFF800E93304 /* Headers */ = {
			isa = PBXHeadersBuildPhase;
			buildActionMask = 2147483647;
			files = (
			);
			runOnlyForDeploymentPostprocessing = 0;
		};
		B77FD73027F4AA900010417F /* Headers */ = {
			isa = PBXHeadersBuildPhase;
			buildActionMask = 2147483647;
			files = (
			);
			runOnlyForDeploymentPostprocessing = 0;
		};
/* End PBXHeadersBuildPhase section */

/* Begin PBXNativeTarget section */
		B74B464327F4AFF800E93304 /* UserListiOS */ = {
			isa = PBXNativeTarget;
			buildConfigurationList = B74B464927F4AFF800E93304 /* Build configuration list for PBXNativeTarget "UserListiOS" */;
			buildPhases = (
				B74B463F27F4AFF800E93304 /* Headers */,
				B74B464027F4AFF800E93304 /* Sources */,
				B74B464127F4AFF800E93304 /* Frameworks */,
				B74B464227F4AFF800E93304 /* Resources */,
				B7F85ACC27F4DC78009BD5F3 /* Embed Frameworks */,
			);
			buildRules = (
			);
			dependencies = (
				B7F85ACB27F4DC78009BD5F3 /* PBXTargetDependency */,
			);
			name = UserListiOS;
			productName = UserListiOS;
			productReference = B74B464427F4AFF800E93304 /* UserListiOS.framework */;
			productType = "com.apple.product-type.framework";
		};
		B77FD73427F4AA900010417F /* UserList */ = {
			isa = PBXNativeTarget;
			buildConfigurationList = B77FD73D27F4AA900010417F /* Build configuration list for PBXNativeTarget "UserList" */;
			buildPhases = (
				B77FD73027F4AA900010417F /* Headers */,
				B77FD73127F4AA900010417F /* Sources */,
				B77FD73227F4AA900010417F /* Frameworks */,
				B77FD73327F4AA900010417F /* Resources */,
			);
			buildRules = (
			);
			dependencies = (
			);
			name = UserList;
			productName = UserList;
			productReference = B77FD73527F4AA900010417F /* UserList.framework */;
			productType = "com.apple.product-type.framework";
		};
/* End PBXNativeTarget section */

/* Begin PBXProject section */
		B77FD72C27F4AA900010417F /* Project object */ = {
			isa = PBXProject;
			attributes = {
				LastUpgradeCheck = 1240;
				TargetAttributes = {
					B74B464327F4AFF800E93304 = {
						CreatedOnToolsVersion = 12.4;
						LastSwiftMigration = 1240;
					};
					B77FD73427F4AA900010417F = {
						CreatedOnToolsVersion = 12.4;
					};
				};
			};
			buildConfigurationList = B77FD72F27F4AA900010417F /* Build configuration list for PBXProject "UserList" */;
			compatibilityVersion = "Xcode 9.3";
			developmentRegion = en;
			hasScannedForEncodings = 0;
			knownRegions = (
				en,
				Base,
				"Base copy",
				"base copy",
			);
			mainGroup = B77FD72B27F4AA900010417F;
			productRefGroup = B77FD73627F4AA900010417F /* Products */;
			projectDirPath = "";
			projectRoot = "";
			targets = (
				B77FD73427F4AA900010417F /* UserList */,
				B74B464327F4AFF800E93304 /* UserListiOS */,
			);
		};
/* End PBXProject section */

/* Begin PBXResourcesBuildPhase section */
		B74B464227F4AFF800E93304 /* Resources */ = {
			isa = PBXResourcesBuildPhase;
			buildActionMask = 2147483647;
			files = (
				B74B469127F4B09100E93304 /* UserList.storyboard in Resources */,
			);
			runOnlyForDeploymentPostprocessing = 0;
		};
		B77FD73327F4AA900010417F /* Resources */ = {
			isa = PBXResourcesBuildPhase;
			buildActionMask = 2147483647;
			files = (
			);
			runOnlyForDeploymentPostprocessing = 0;
		};
/* End PBXResourcesBuildPhase section */

/* Begin PBXSourcesBuildPhase section */
		B74B464027F4AFF800E93304 /* Sources */ = {
			isa = PBXSourcesBuildPhase;
			buildActionMask = 2147483647;
			files = (
				B74B468C27F4B08A00E93304 /* UserListViewController.swift in Sources */,
				B74B468A27F4B08A00E93304 /* ErrorView.swift in Sources */,
				B74B468927F4B08A00E93304 /* UserCell.swift in Sources */,
				B74B468827F4B08A00E93304 /* UITableView+HeaderSizing.swift in Sources */,
				B74B468627F4B08A00E93304 /* UITableView+Dequeueing.swift in Sources */,
				B74B468B27F4B08A00E93304 /* UserCellController.swift in Sources */,
				B74B468727F4B08A00E93304 /* UIRefreshControl+Helpers.swift in Sources */,
			);
			runOnlyForDeploymentPostprocessing = 0;
		};
		B77FD73127F4AA900010417F /* Sources */ = {
			isa = PBXSourcesBuildPhase;
			buildActionMask = 2147483647;
			files = (
				B7E0E02327F4BD2D00D9BF82 /* UserErrorViewModel.swift in Sources */,
				B729F0DE27F4AC1B005324A9 /* RemoteUserLoader.swift in Sources */,
				B729F0EB27F4AC1B005324A9 /* UserPresenter.swift in Sources */,
				B729F0E527F4AC1B005324A9 /* UserViewModel.swift in Sources */,
				B729F0DF27F4AC1B005324A9 /* HTTPGetClient.swift in Sources */,
				B729F0E327F4AC1B005324A9 /* User.swift in Sources */,
				B729F0E127F4AC1B005324A9 /* HTTPURLResponse+StatusCode.swift in Sources */,
				B729F0E227F4AC1B005324A9 /* RemoteUserItem.swift in Sources */,
				B729F0E027F4AC1B005324A9 /* UserItemsMapper.swift in Sources */,
				B729F0E427F4AC1B005324A9 /* UserLoader.swift in Sources */,
				B7E0E01E27F4BD1E00D9BF82 /* UserLoadingViewModel.swift in Sources */,
				B729F0E727F4AC1B005324A9 /* UserListViewModel.swift in Sources */,
			);
			runOnlyForDeploymentPostprocessing = 0;
		};
/* End PBXSourcesBuildPhase section */

/* Begin PBXTargetDependency section */
		B7F85ACB27F4DC78009BD5F3 /* PBXTargetDependency */ = {
			isa = PBXTargetDependency;
			platformFilter = ios;
			target = B77FD73427F4AA900010417F /* UserList */;
			targetProxy = B7F85ACA27F4DC78009BD5F3 /* PBXContainerItemProxy */;
		};
/* End PBXTargetDependency section */

/* Begin PBXVariantGroup section */
		B74B468F27F4B09100E93304 /* UserList.storyboard */ = {
			isa = PBXVariantGroup;
			children = (
				B74B469027F4B09100E93304 /* Base */,
			);
			name = UserList.storyboard;
			sourceTree = "<group>";
		};
/* End PBXVariantGroup section */

/* Begin XCBuildConfiguration section */
		B74B464A27F4AFF800E93304 /* Debug */ = {
			isa = XCBuildConfiguration;
			buildSettings = {
				CLANG_ENABLE_MODULES = YES;
				CODE_SIGN_STYLE = Automatic;
				DEFINES_MODULE = YES;
				DYLIB_COMPATIBILITY_VERSION = 1;
				DYLIB_CURRENT_VERSION = 1;
				DYLIB_INSTALL_NAME_BASE = "@rpath";
				INFOPLIST_FILE = UserListiOS/Info.plist;
				INSTALL_PATH = "$(LOCAL_LIBRARY_DIR)/Frameworks";
				IPHONEOS_DEPLOYMENT_TARGET = 11.0;
				LD_RUNPATH_SEARCH_PATHS = (
					"$(inherited)",
					"@executable_path/Frameworks",
					"@loader_path/Frameworks",
				);
				PRODUCT_BUNDLE_IDENTIFIER = com.sample.UserListiOS;
				PRODUCT_NAME = "$(TARGET_NAME:c99extidentifier)";
				SDKROOT = iphoneos;
				SKIP_INSTALL = YES;
				SWIFT_OPTIMIZATION_LEVEL = "-Onone";
				SWIFT_VERSION = 5.0;
				TARGETED_DEVICE_FAMILY = "1,2";
			};
			name = Debug;
		};
		B74B464B27F4AFF800E93304 /* Release */ = {
			isa = XCBuildConfiguration;
			buildSettings = {
				CLANG_ENABLE_MODULES = YES;
				CODE_SIGN_STYLE = Automatic;
				DEFINES_MODULE = YES;
				DYLIB_COMPATIBILITY_VERSION = 1;
				DYLIB_CURRENT_VERSION = 1;
				DYLIB_INSTALL_NAME_BASE = "@rpath";
				INFOPLIST_FILE = UserListiOS/Info.plist;
				INSTALL_PATH = "$(LOCAL_LIBRARY_DIR)/Frameworks";
				IPHONEOS_DEPLOYMENT_TARGET = 11.0;
				LD_RUNPATH_SEARCH_PATHS = (
					"$(inherited)",
					"@executable_path/Frameworks",
					"@loader_path/Frameworks",
				);
				PRODUCT_BUNDLE_IDENTIFIER = com.sample.UserListiOS;
				PRODUCT_NAME = "$(TARGET_NAME:c99extidentifier)";
				SDKROOT = iphoneos;
				SKIP_INSTALL = YES;
				SWIFT_VERSION = 5.0;
				TARGETED_DEVICE_FAMILY = "1,2";
				VALIDATE_PRODUCT = YES;
			};
			name = Release;
		};
		B77FD73B27F4AA900010417F /* Debug */ = {
			isa = XCBuildConfiguration;
			buildSettings = {
				ALWAYS_SEARCH_USER_PATHS = NO;
				CLANG_ANALYZER_NONNULL = YES;
				CLANG_ANALYZER_NUMBER_OBJECT_CONVERSION = YES_AGGRESSIVE;
				CLANG_CXX_LANGUAGE_STANDARD = "gnu++14";
				CLANG_CXX_LIBRARY = "libc++";
				CLANG_ENABLE_MODULES = YES;
				CLANG_ENABLE_OBJC_ARC = YES;
				CLANG_ENABLE_OBJC_WEAK = YES;
				CLANG_WARN_BLOCK_CAPTURE_AUTORELEASING = YES;
				CLANG_WARN_BOOL_CONVERSION = YES;
				CLANG_WARN_COMMA = YES;
				CLANG_WARN_CONSTANT_CONVERSION = YES;
				CLANG_WARN_DEPRECATED_OBJC_IMPLEMENTATIONS = YES;
				CLANG_WARN_DIRECT_OBJC_ISA_USAGE = YES_ERROR;
				CLANG_WARN_DOCUMENTATION_COMMENTS = YES;
				CLANG_WARN_EMPTY_BODY = YES;
				CLANG_WARN_ENUM_CONVERSION = YES;
				CLANG_WARN_INFINITE_RECURSION = YES;
				CLANG_WARN_INT_CONVERSION = YES;
				CLANG_WARN_NON_LITERAL_NULL_CONVERSION = YES;
				CLANG_WARN_OBJC_IMPLICIT_RETAIN_SELF = YES;
				CLANG_WARN_OBJC_LITERAL_CONVERSION = YES;
				CLANG_WARN_OBJC_ROOT_CLASS = YES_ERROR;
				CLANG_WARN_QUOTED_INCLUDE_IN_FRAMEWORK_HEADER = YES;
				CLANG_WARN_RANGE_LOOP_ANALYSIS = YES;
				CLANG_WARN_STRICT_PROTOTYPES = YES;
				CLANG_WARN_SUSPICIOUS_MOVE = YES;
				CLANG_WARN_UNGUARDED_AVAILABILITY = YES_AGGRESSIVE;
				CLANG_WARN_UNREACHABLE_CODE = YES;
				CLANG_WARN__DUPLICATE_METHOD_MATCH = YES;
				COPY_PHASE_STRIP = NO;
				CURRENT_PROJECT_VERSION = 1;
				DEBUG_INFORMATION_FORMAT = dwarf;
				ENABLE_STRICT_OBJC_MSGSEND = YES;
				ENABLE_TESTABILITY = YES;
				GCC_C_LANGUAGE_STANDARD = gnu11;
				GCC_DYNAMIC_NO_PIC = NO;
				GCC_NO_COMMON_BLOCKS = YES;
				GCC_OPTIMIZATION_LEVEL = 0;
				GCC_PREPROCESSOR_DEFINITIONS = (
					"DEBUG=1",
					"$(inherited)",
				);
				GCC_WARN_64_TO_32_BIT_CONVERSION = YES;
				GCC_WARN_ABOUT_RETURN_TYPE = YES_ERROR;
				GCC_WARN_UNDECLARED_SELECTOR = YES;
				GCC_WARN_UNINITIALIZED_AUTOS = YES_AGGRESSIVE;
				GCC_WARN_UNUSED_FUNCTION = YES;
				GCC_WARN_UNUSED_VARIABLE = YES;
				MACOSX_DEPLOYMENT_TARGET = 11.1;
				MTL_ENABLE_DEBUG_INFO = INCLUDE_SOURCE;
				MTL_FAST_MATH = YES;
				ONLY_ACTIVE_ARCH = YES;
				SDKROOT = macosx;
				SWIFT_ACTIVE_COMPILATION_CONDITIONS = DEBUG;
				SWIFT_OPTIMIZATION_LEVEL = "-Onone";
				VERSIONING_SYSTEM = "apple-generic";
				VERSION_INFO_PREFIX = "";
			};
			name = Debug;
		};
		B77FD73C27F4AA900010417F /* Release */ = {
			isa = XCBuildConfiguration;
			buildSettings = {
				ALWAYS_SEARCH_USER_PATHS = NO;
				CLANG_ANALYZER_NONNULL = YES;
				CLANG_ANALYZER_NUMBER_OBJECT_CONVERSION = YES_AGGRESSIVE;
				CLANG_CXX_LANGUAGE_STANDARD = "gnu++14";
				CLANG_CXX_LIBRARY = "libc++";
				CLANG_ENABLE_MODULES = YES;
				CLANG_ENABLE_OBJC_ARC = YES;
				CLANG_ENABLE_OBJC_WEAK = YES;
				CLANG_WARN_BLOCK_CAPTURE_AUTORELEASING = YES;
				CLANG_WARN_BOOL_CONVERSION = YES;
				CLANG_WARN_COMMA = YES;
				CLANG_WARN_CONSTANT_CONVERSION = YES;
				CLANG_WARN_DEPRECATED_OBJC_IMPLEMENTATIONS = YES;
				CLANG_WARN_DIRECT_OBJC_ISA_USAGE = YES_ERROR;
				CLANG_WARN_DOCUMENTATION_COMMENTS = YES;
				CLANG_WARN_EMPTY_BODY = YES;
				CLANG_WARN_ENUM_CONVERSION = YES;
				CLANG_WARN_INFINITE_RECURSION = YES;
				CLANG_WARN_INT_CONVERSION = YES;
				CLANG_WARN_NON_LITERAL_NULL_CONVERSION = YES;
				CLANG_WARN_OBJC_IMPLICIT_RETAIN_SELF = YES;
				CLANG_WARN_OBJC_LITERAL_CONVERSION = YES;
				CLANG_WARN_OBJC_ROOT_CLASS = YES_ERROR;
				CLANG_WARN_QUOTED_INCLUDE_IN_FRAMEWORK_HEADER = YES;
				CLANG_WARN_RANGE_LOOP_ANALYSIS = YES;
				CLANG_WARN_STRICT_PROTOTYPES = YES;
				CLANG_WARN_SUSPICIOUS_MOVE = YES;
				CLANG_WARN_UNGUARDED_AVAILABILITY = YES_AGGRESSIVE;
				CLANG_WARN_UNREACHABLE_CODE = YES;
				CLANG_WARN__DUPLICATE_METHOD_MATCH = YES;
				COPY_PHASE_STRIP = NO;
				CURRENT_PROJECT_VERSION = 1;
				DEBUG_INFORMATION_FORMAT = "dwarf-with-dsym";
				ENABLE_NS_ASSERTIONS = NO;
				ENABLE_STRICT_OBJC_MSGSEND = YES;
				GCC_C_LANGUAGE_STANDARD = gnu11;
				GCC_NO_COMMON_BLOCKS = YES;
				GCC_WARN_64_TO_32_BIT_CONVERSION = YES;
				GCC_WARN_ABOUT_RETURN_TYPE = YES_ERROR;
				GCC_WARN_UNDECLARED_SELECTOR = YES;
				GCC_WARN_UNINITIALIZED_AUTOS = YES_AGGRESSIVE;
				GCC_WARN_UNUSED_FUNCTION = YES;
				GCC_WARN_UNUSED_VARIABLE = YES;
				MACOSX_DEPLOYMENT_TARGET = 11.1;
				MTL_ENABLE_DEBUG_INFO = NO;
				MTL_FAST_MATH = YES;
				SDKROOT = macosx;
				SWIFT_COMPILATION_MODE = wholemodule;
				SWIFT_OPTIMIZATION_LEVEL = "-O";
				VERSIONING_SYSTEM = "apple-generic";
				VERSION_INFO_PREFIX = "";
			};
			name = Release;
		};
		B77FD73E27F4AA900010417F /* Debug */ = {
			isa = XCBuildConfiguration;
			buildSettings = {
				CODE_SIGN_STYLE = Automatic;
				COMBINE_HIDPI_IMAGES = YES;
				DEFINES_MODULE = YES;
				DYLIB_COMPATIBILITY_VERSION = 1;
				DYLIB_CURRENT_VERSION = 1;
				DYLIB_INSTALL_NAME_BASE = "@rpath";
				INFOPLIST_FILE = UserList/Info.plist;
				INSTALL_PATH = "$(LOCAL_LIBRARY_DIR)/Frameworks";
				IPHONEOS_DEPLOYMENT_TARGET = 11.0;
				LD_RUNPATH_SEARCH_PATHS = (
					"$(inherited)",
					"@executable_path/../Frameworks",
					"@loader_path/Frameworks",
				);
				PRODUCT_BUNDLE_IDENTIFIER = com.sample.UserList;
				PRODUCT_NAME = "$(TARGET_NAME:c99extidentifier)";
				SKIP_INSTALL = YES;
				SUPPORTED_PLATFORMS = "macosx iphonesimulator iphoneos";
				SWIFT_VERSION = 5.0;
			};
			name = Debug;
		};
		B77FD73F27F4AA900010417F /* Release */ = {
			isa = XCBuildConfiguration;
			buildSettings = {
				CODE_SIGN_STYLE = Automatic;
				COMBINE_HIDPI_IMAGES = YES;
				DEFINES_MODULE = YES;
				DYLIB_COMPATIBILITY_VERSION = 1;
				DYLIB_CURRENT_VERSION = 1;
				DYLIB_INSTALL_NAME_BASE = "@rpath";
				INFOPLIST_FILE = UserList/Info.plist;
				INSTALL_PATH = "$(LOCAL_LIBRARY_DIR)/Frameworks";
				IPHONEOS_DEPLOYMENT_TARGET = 11.0;
				LD_RUNPATH_SEARCH_PATHS = (
					"$(inherited)",
					"@executable_path/../Frameworks",
					"@loader_path/Frameworks",
				);
				PRODUCT_BUNDLE_IDENTIFIER = com.sample.UserList;
				PRODUCT_NAME = "$(TARGET_NAME:c99extidentifier)";
				SKIP_INSTALL = YES;
				SUPPORTED_PLATFORMS = "macosx iphonesimulator iphoneos";
				SWIFT_VERSION = 5.0;
			};
			name = Release;
		};
/* End XCBuildConfiguration section */

/* Begin XCConfigurationList section */
		B74B464927F4AFF800E93304 /* Build configuration list for PBXNativeTarget "UserListiOS" */ = {
			isa = XCConfigurationList;
			buildConfigurations = (
				B74B464A27F4AFF800E93304 /* Debug */,
				B74B464B27F4AFF800E93304 /* Release */,
			);
			defaultConfigurationIsVisible = 0;
			defaultConfigurationName = Release;
		};
		B77FD72F27F4AA900010417F /* Build configuration list for PBXProject "UserList" */ = {
			isa = XCConfigurationList;
			buildConfigurations = (
				B77FD73B27F4AA900010417F /* Debug */,
				B77FD73C27F4AA900010417F /* Release */,
			);
			defaultConfigurationIsVisible = 0;
			defaultConfigurationName = Release;
		};
		B77FD73D27F4AA900010417F /* Build configuration list for PBXNativeTarget "UserList" */ = {
			isa = XCConfigurationList;
			buildConfigurations = (
				B77FD73E27F4AA900010417F /* Debug */,
				B77FD73F27F4AA900010417F /* Release */,
			);
			defaultConfigurationIsVisible = 0;
			defaultConfigurationName = Release;
		};
/* End XCConfigurationList section */
	};
	rootObject = B77FD72C27F4AA900010417F /* Project object */;
}
